
Microsoft Visual Studio Solution File, Format Version 12.00
# Visual Studio 15
VisualStudioVersion = 15.0.26403.7
MinimumVisualStudioVersion = 10.0.40219.1
Project("{FAE04EC0-301F-11D3-BF4B-00C04F79EFBC}") = "NetVoltr", "Voltr\NetVoltr.csproj", "{D39F4459-F9BD-4633-8807-058FD0F8C495}"
EndProject
Project("{FAE04EC0-301F-11D3-BF4B-00C04F79EFBC}") = "Runner", "Runner\Runner.csproj", "{4E5024B0-B67B-4527-8AAD-745BC7ED78FB}"
EndProject
Global
	GlobalSection(SolutionConfigurationPlatforms) = preSolution
		Debug|Any CPU = Debug|Any CPU
		Release|Any CPU = Release|Any CPU
	EndGlobalSection
	GlobalSection(ProjectConfigurationPlatforms) = postSolution
		{D39F4459-F9BD-4633-8807-058FD0F8C495}.Debug|Any CPU.ActiveCfg = Debug|Any CPU
		{D39F4459-F9BD-4633-8807-058FD0F8C495}.Debug|Any CPU.Build.0 = Debug|Any CPU
		{D39F4459-F9BD-4633-8807-058FD0F8C495}.Release|Any CPU.ActiveCfg = Release|Any CPU
		{D39F4459-F9BD-4633-8807-058FD0F8C495}.Release|Any CPU.Build.0 = Release|Any CPU
		{4E5024B0-B67B-4527-8AAD-745BC7ED78FB}.Debug|Any CPU.ActiveCfg = Debug|Any CPU
		{4E5024B0-B67B-4527-8AAD-745BC7ED78FB}.Debug|Any CPU.Build.0 = Debug|Any CPU
		{4E5024B0-B67B-4527-8AAD-745BC7ED78FB}.Release|Any CPU.ActiveCfg = Release|Any CPU
		{4E5024B0-B67B-4527-8AAD-745BC7ED78FB}.Release|Any CPU.Build.0 = Release|Any CPU
	EndGlobalSection
	GlobalSection(SolutionProperties) = preSolution
		HideSolutionNode = FALSE
	EndGlobalSection
EndGlobal
